
Microsoft Visual Studio Solution File, Format Version 12.00
# Visual Studio 14
VisualStudioVersion = 14.0.25420.1
MinimumVisualStudioVersion = 10.0.40219.1
Project("{2150E333-8FDC-42A3-9474-1A3956D46DE8}") = "0 Common", "0 Common", "{2B0D89BA-DF3C-4CE9-8890-BC4A6B3C1BE9}"
EndProject
Project("{2150E333-8FDC-42A3-9474-1A3956D46DE8}") = "1 Deployable", "1 Deployable", "{724AA99D-7864-4F38-9D8C-D865490460BA}"
EndProject
Project("{2150E333-8FDC-42A3-9474-1A3956D46DE8}") = "2 BusinessServices", "2 BusinessServices", "{2EA18600-0990-48BA-8B39-75A7B41FAD03}"
EndProject
Project("{2150E333-8FDC-42A3-9474-1A3956D46DE8}") = "3 Repositories", "3 Repositories", "{46D29E54-A91E-4565-A01A-F3B4E25AAE31}"
EndProject
Project("{2150E333-8FDC-42A3-9474-1A3956D46DE8}") = "4 Test", "4 Test", "{03354703-C00F-43DE-BD27-349D97ECFD83}"
EndProject
Project("{2150E333-8FDC-42A3-9474-1A3956D46DE8}") = "Contracts", "Contracts", "{CB565E84-5FFE-4A7C-A366-AA7E120973B0}"
EndProject
Project("{2150E333-8FDC-42A3-9474-1A3956D46DE8}") = "DB", "DB", "{B7C7A02C-EDD8-4F16-BEF5-3E5E08BAA761}"
EndProject
Project("{2150E333-8FDC-42A3-9474-1A3956D46DE8}") = "ExternalServices", "ExternalServices", "{283C8F94-ACDA-4AE4-982E-E28DB98987C1}"
EndProject
Project("{2150E333-8FDC-42A3-9474-1A3956D46DE8}") = "Contracts", "Contracts", "{B1275679-23E6-48D5-BA7B-15B8053E5208}"
EndProject
Project("{2150E333-8FDC-42A3-9474-1A3956D46DE8}") = "DomainModels", "DomainModels", "{9EDE1537-AA9C-4221-A9DF-00B057D8817A}"
EndProject
Project("{2150E333-8FDC-42A3-9474-1A3956D46DE8}") = "Ioc", "Ioc", "{B5312241-71BB-4958-A688-8A7F63CD9C05}"
EndProject
Project("{2150E333-8FDC-42A3-9474-1A3956D46DE8}") = "Lib", "Lib", "{B26D910E-4E90-498D-AFCA-38F5FCD8B117}"
EndProject
Project("{2150E333-8FDC-42A3-9474-1A3956D46DE8}") = "Logs", "Logs", "{93897DBF-EC36-4FBE-A70D-D0EBBFB7A525}"
EndProject
Project("{2150E333-8FDC-42A3-9474-1A3956D46DE8}") = "Configurations", "Configurations", "{74759F61-5999-4E86-AB6F-36EC154F45C8}"
EndProject
Project("{2150E333-8FDC-42A3-9474-1A3956D46DE8}") = "Contracts", "Contracts", "{90B30ED1-3E60-4FC2-AF88-487BAD226BBA}"
EndProject
Project("{FAE04EC0-301F-11D3-BF4B-00C04F79EFBC}") = "AbcCo.StdMng.Common.Confugurations", "AbcCo.StdMng.Common.Confugurations\AbcCo.StdMng.Common.Confugurations.csproj", "{193A9DE8-6D7E-43C3-89D2-C8C669475079}"
EndProject
Project("{FAE04EC0-301F-11D3-BF4B-00C04F79EFBC}") = "AbcCo.StdMng.Common.DomainEntities", "AbcCo.StdMng.Common.DomainEntities\AbcCo.StdMng.Common.DomainEntities.csproj", "{C7FFF0F7-BD1C-406F-90EF-D43B032256DB}"
EndProject
Project("{FAE04EC0-301F-11D3-BF4B-00C04F79EFBC}") = "AbcCo.StdMng.Common.Ioc.Unity", "AbcCo.StdMng.Common.Ioc.Unity\AbcCo.StdMng.Common.Ioc.Unity.csproj", "{5D799F7F-A232-4D73-A941-4F65C9B9472A}"
EndProject
Project("{FAE04EC0-301F-11D3-BF4B-00C04F79EFBC}") = "AbcCo.StdMng.Common.Logs.Contracts", "AbcCo.StdMng.Common.Logs.Contracts\AbcCo.StdMng.Common.Logs.Contracts.csproj", "{8D72DDE4-382B-4F92-807A-5A61347C7A7A}"
EndProject
Project("{FAE04EC0-301F-11D3-BF4B-00C04F79EFBC}") = "AbcCo.StdMng.Deployable.Web", "AbcCo.StdMng.Deployable.Web\AbcCo.StdMng.Deployable.Web.csproj", "{C1F3AADF-6C26-4D3E-B7A5-A9CD83B25903}"
EndProject
Project("{FAE04EC0-301F-11D3-BF4B-00C04F79EFBC}") = "AbcCo.StdMng.Test.Web", "AbcCo.StdMng.Test.Web\AbcCo.StdMng.Test.Web.csproj", "{57C40721-DB1E-4A32-9FD8-D2591D80B08A}"
EndProject
Project("{FAE04EC0-301F-11D3-BF4B-00C04F79EFBC}") = "AbcCo.StdMng.Deployable.Wcf", "AbcCo.StdMng.Deployable.Wcf\AbcCo.StdMng.Deployable.Wcf.csproj", "{CB750371-77C8-4A36-94D2-C1BF5A6803CD}"
EndProject
Project("{FAE04EC0-301F-11D3-BF4B-00C04F79EFBC}") = "AbcCo.StdMng.BusinessService.Contracts", "AbcCo.StdMng.BusinessService.Contracts\AbcCo.StdMng.BusinessService.Contracts.csproj", "{9DF304E8-8431-4B0F-9E9C-6884EFB7D2E5}"
EndProject
Project("{FAE04EC0-301F-11D3-BF4B-00C04F79EFBC}") = "AbcCo.StdMng.BusinessService", "AbcCo.StdMng.BusinessService\AbcCo.StdMng.BusinessService.csproj", "{A2815DAF-C685-480F-A991-422A768B9D61}"
EndProject
Project("{FAE04EC0-301F-11D3-BF4B-00C04F79EFBC}") = "AbcCo.StdMng.Repositories.Contracts", "AbcCo.StdMng.Repositories.Contracts\AbcCo.StdMng.Repositories.Contracts.csproj", "{FEAD73AF-9F1A-4A5C-AFF2-756D28C024E8}"
EndProject
Project("{FAE04EC0-301F-11D3-BF4B-00C04F79EFBC}") = "AbcCo.StdMng.Repositories.DB.EF", "AbcCo.StdMng.Repositories.DB.EF\AbcCo.StdMng.Repositories.DB.EF.csproj", "{BF1063E7-6730-4E83-A419-DDFFA8A7144C}"
EndProject
Project("{2150E333-8FDC-42A3-9474-1A3956D46DE8}") = "Other", "Other", "{0CD7612A-592B-4A94-A7DA-6192DD40464F}"
	ProjectSection(SolutionItems) = preProject
		..\..\..\Downloads\Smaples2-master\Smaples2-master\Sample Code\_Layout.cshtml = ..\..\..\Downloads\Smaples2-master\Smaples2-master\Sample Code\_Layout.cshtml
		..\..\..\Downloads\Smaples2-master\Smaples2-master\Sample Code\App.config = ..\..\..\Downloads\Smaples2-master\Smaples2-master\Sample Code\App.config
		..\..\..\Downloads\Smaples2-master\Smaples2-master\Sample Code\Create.cshtml = ..\..\..\Downloads\Smaples2-master\Smaples2-master\Sample Code\Create.cshtml
		..\..\..\Downloads\Smaples2-master\Smaples2-master\Sample Code\CustomerController.cs = ..\..\..\Downloads\Smaples2-master\Smaples2-master\Sample Code\CustomerController.cs
		..\..\..\Downloads\Smaples2-master\Smaples2-master\Sample Code\GetInvoiceItems.cshtml = ..\..\..\Downloads\Smaples2-master\Smaples2-master\Sample Code\GetInvoiceItems.cshtml
		..\..\..\Downloads\Smaples2-master\Smaples2-master\Sample Code\IRepository.cs = ..\..\..\Downloads\Smaples2-master\Smaples2-master\Sample Code\IRepository.cs
		..\..\..\Downloads\Smaples2-master\Smaples2-master\Sample Code\MyLoginController.cs = ..\..\..\Downloads\Smaples2-master\Smaples2-master\Sample Code\MyLoginController.cs
		..\..\..\Downloads\Smaples2-master\Smaples2-master\Sample Code\PosContext.cs = ..\..\..\Downloads\Smaples2-master\Smaples2-master\Sample Code\PosContext.cs
		..\..\..\Downloads\Smaples2-master\Smaples2-master\Sample Code\Repository.cs = ..\..\..\Downloads\Smaples2-master\Smaples2-master\Sample Code\Repository.cs
		..\..\..\Downloads\Smaples2-master\Smaples2-master\Sample Code\WebClient.cs = ..\..\..\Downloads\Smaples2-master\Smaples2-master\Sample Code\WebClient.cs
	EndProjectSection
EndProject
Global
	GlobalSection(SolutionConfigurationPlatforms) = preSolution
		Debug|Any CPU = Debug|Any CPU
		Release|Any CPU = Release|Any CPU
	EndGlobalSection
	GlobalSection(ProjectConfigurationPlatforms) = postSolution
		{193A9DE8-6D7E-43C3-89D2-C8C669475079}.Debug|Any CPU.ActiveCfg = Debug|Any CPU
		{193A9DE8-6D7E-43C3-89D2-C8C669475079}.Debug|Any CPU.Build.0 = Debug|Any CPU
		{193A9DE8-6D7E-43C3-89D2-C8C669475079}.Release|Any CPU.ActiveCfg = Release|Any CPU
		{193A9DE8-6D7E-43C3-89D2-C8C669475079}.Release|Any CPU.Build.0 = Release|Any CPU
		{C7FFF0F7-BD1C-406F-90EF-D43B032256DB}.Debug|Any CPU.ActiveCfg = Debug|Any CPU
		{C7FFF0F7-BD1C-406F-90EF-D43B032256DB}.Debug|Any CPU.Build.0 = Debug|Any CPU
		{C7FFF0F7-BD1C-406F-90EF-D43B032256DB}.Release|Any CPU.ActiveCfg = Release|Any CPU
		{C7FFF0F7-BD1C-406F-90EF-D43B032256DB}.Release|Any CPU.Build.0 = Release|Any CPU
		{5D799F7F-A232-4D73-A941-4F65C9B9472A}.Debug|Any CPU.ActiveCfg = Debug|Any CPU
		{5D799F7F-A232-4D73-A941-4F65C9B9472A}.Debug|Any CPU.Build.0 = Debug|Any CPU
		{5D799F7F-A232-4D73-A941-4F65C9B9472A}.Release|Any CPU.ActiveCfg = Release|Any CPU
		{5D799F7F-A232-4D73-A941-4F65C9B9472A}.Release|Any CPU.Build.0 = Release|Any CPU
		{8D72DDE4-382B-4F92-807A-5A61347C7A7A}.Debug|Any CPU.ActiveCfg = Debug|Any CPU
		{8D72DDE4-382B-4F92-807A-5A61347C7A7A}.Debug|Any CPU.Build.0 = Debug|Any CPU
		{8D72DDE4-382B-4F92-807A-5A61347C7A7A}.Release|Any CPU.ActiveCfg = Release|Any CPU
		{8D72DDE4-382B-4F92-807A-5A61347C7A7A}.Release|Any CPU.Build.0 = Release|Any CPU
		{C1F3AADF-6C26-4D3E-B7A5-A9CD83B25903}.Debug|Any CPU.ActiveCfg = Debug|Any CPU
		{C1F3AADF-6C26-4D3E-B7A5-A9CD83B25903}.Debug|Any CPU.Build.0 = Debug|Any CPU
		{C1F3AADF-6C26-4D3E-B7A5-A9CD83B25903}.Release|Any CPU.ActiveCfg = Release|Any CPU
		{C1F3AADF-6C26-4D3E-B7A5-A9CD83B25903}.Release|Any CPU.Build.0 = Release|Any CPU
		{57C40721-DB1E-4A32-9FD8-D2591D80B08A}.Debug|Any CPU.ActiveCfg = Debug|Any CPU
		{57C40721-DB1E-4A32-9FD8-D2591D80B08A}.Debug|Any CPU.Build.0 = Debug|Any CPU
		{57C40721-DB1E-4A32-9FD8-D2591D80B08A}.Release|Any CPU.ActiveCfg = Release|Any CPU
		{57C40721-DB1E-4A32-9FD8-D2591D80B08A}.Release|Any CPU.Build.0 = Release|Any CPU
		{CB750371-77C8-4A36-94D2-C1BF5A6803CD}.Debug|Any CPU.ActiveCfg = Debug|Any CPU
		{CB750371-77C8-4A36-94D2-C1BF5A6803CD}.Debug|Any CPU.Build.0 = Debug|Any CPU
		{CB750371-77C8-4A36-94D2-C1BF5A6803CD}.Release|Any CPU.ActiveCfg = Release|Any CPU
		{CB750371-77C8-4A36-94D2-C1BF5A6803CD}.Release|Any CPU.Build.0 = Release|Any CPU
		{9DF304E8-8431-4B0F-9E9C-6884EFB7D2E5}.Debug|Any CPU.ActiveCfg = Debug|Any CPU
		{9DF304E8-8431-4B0F-9E9C-6884EFB7D2E5}.Debug|Any CPU.Build.0 = Debug|Any CPU
		{9DF304E8-8431-4B0F-9E9C-6884EFB7D2E5}.Release|Any CPU.ActiveCfg = Release|Any CPU
		{9DF304E8-8431-4B0F-9E9C-6884EFB7D2E5}.Release|Any CPU.Build.0 = Release|Any CPU
		{A2815DAF-C685-480F-A991-422A768B9D61}.Debug|Any CPU.ActiveCfg = Debug|Any CPU
		{A2815DAF-C685-480F-A991-422A768B9D61}.Debug|Any CPU.Build.0 = Debug|Any CPU
		{A2815DAF-C685-480F-A991-422A768B9D61}.Release|Any CPU.ActiveCfg = Release|Any CPU
		{A2815DAF-C685-480F-A991-422A768B9D61}.Release|Any CPU.Build.0 = Release|Any CPU
		{FEAD73AF-9F1A-4A5C-AFF2-756D28C024E8}.Debug|Any CPU.ActiveCfg = Debug|Any CPU
		{FEAD73AF-9F1A-4A5C-AFF2-756D28C024E8}.Debug|Any CPU.Build.0 = Debug|Any CPU
		{FEAD73AF-9F1A-4A5C-AFF2-756D28C024E8}.Release|Any CPU.ActiveCfg = Release|Any CPU
		{FEAD73AF-9F1A-4A5C-AFF2-756D28C024E8}.Release|Any CPU.Build.0 = Release|Any CPU
		{BF1063E7-6730-4E83-A419-DDFFA8A7144C}.Debug|Any CPU.ActiveCfg = Debug|Any CPU
		{BF1063E7-6730-4E83-A419-DDFFA8A7144C}.Debug|Any CPU.Build.0 = Debug|Any CPU
		{BF1063E7-6730-4E83-A419-DDFFA8A7144C}.Release|Any CPU.ActiveCfg = Release|Any CPU
		{BF1063E7-6730-4E83-A419-DDFFA8A7144C}.Release|Any CPU.Build.0 = Release|Any CPU
	EndGlobalSection
	GlobalSection(SolutionProperties) = preSolution
		HideSolutionNode = FALSE
	EndGlobalSection
	GlobalSection(NestedProjects) = preSolution
		{CB565E84-5FFE-4A7C-A366-AA7E120973B0} = {46D29E54-A91E-4565-A01A-F3B4E25AAE31}
		{B7C7A02C-EDD8-4F16-BEF5-3E5E08BAA761} = {46D29E54-A91E-4565-A01A-F3B4E25AAE31}
		{283C8F94-ACDA-4AE4-982E-E28DB98987C1} = {46D29E54-A91E-4565-A01A-F3B4E25AAE31}
		{B1275679-23E6-48D5-BA7B-15B8053E5208} = {2EA18600-0990-48BA-8B39-75A7B41FAD03}
		{9EDE1537-AA9C-4221-A9DF-00B057D8817A} = {2B0D89BA-DF3C-4CE9-8890-BC4A6B3C1BE9}
		{B5312241-71BB-4958-A688-8A7F63CD9C05} = {2B0D89BA-DF3C-4CE9-8890-BC4A6B3C1BE9}
		{B26D910E-4E90-498D-AFCA-38F5FCD8B117} = {2B0D89BA-DF3C-4CE9-8890-BC4A6B3C1BE9}
		{93897DBF-EC36-4FBE-A70D-D0EBBFB7A525} = {B26D910E-4E90-498D-AFCA-38F5FCD8B117}
		{74759F61-5999-4E86-AB6F-36EC154F45C8} = {2B0D89BA-DF3C-4CE9-8890-BC4A6B3C1BE9}
		{90B30ED1-3E60-4FC2-AF88-487BAD226BBA} = {93897DBF-EC36-4FBE-A70D-D0EBBFB7A525}
		{193A9DE8-6D7E-43C3-89D2-C8C669475079} = {74759F61-5999-4E86-AB6F-36EC154F45C8}
		{C7FFF0F7-BD1C-406F-90EF-D43B032256DB} = {9EDE1537-AA9C-4221-A9DF-00B057D8817A}
		{5D799F7F-A232-4D73-A941-4F65C9B9472A} = {B5312241-71BB-4958-A688-8A7F63CD9C05}
		{8D72DDE4-382B-4F92-807A-5A61347C7A7A} = {90B30ED1-3E60-4FC2-AF88-487BAD226BBA}
		{C1F3AADF-6C26-4D3E-B7A5-A9CD83B25903} = {724AA99D-7864-4F38-9D8C-D865490460BA}
		{57C40721-DB1E-4A32-9FD8-D2591D80B08A} = {03354703-C00F-43DE-BD27-349D97ECFD83}
		{CB750371-77C8-4A36-94D2-C1BF5A6803CD} = {724AA99D-7864-4F38-9D8C-D865490460BA}
		{9DF304E8-8431-4B0F-9E9C-6884EFB7D2E5} = {B1275679-23E6-48D5-BA7B-15B8053E5208}
		{A2815DAF-C685-480F-A991-422A768B9D61} = {2EA18600-0990-48BA-8B39-75A7B41FAD03}
		{FEAD73AF-9F1A-4A5C-AFF2-756D28C024E8} = {CB565E84-5FFE-4A7C-A366-AA7E120973B0}
		{BF1063E7-6730-4E83-A419-DDFFA8A7144C} = {B7C7A02C-EDD8-4F16-BEF5-3E5E08BAA761}
	EndGlobalSection
EndGlobal
